
Microsoft Visual Studio Solution File, Format Version 12.00
# Visual Studio Version 16
VisualStudioVersion = 16.0.31105.61
MinimumVisualStudioVersion = 10.0.40219.1
Project("{9A19103F-16F7-4668-BE54-9A1E7A4F7556}") = "BlazorCRUD", "BlazorCRUD\BlazorCRUD.csproj", "{C80214D6-838A-4EE0-A1DF-9A06A77658E9}"
EndProject
Global
	GlobalSection(SolutionConfigurationPlatforms) = preSolution
		Debug|Any CPU = Debug|Any CPU
		Release|Any CPU = Release|Any CPU
	EndGlobalSection
	GlobalSection(ProjectConfigurationPlatforms) = postSolution
		{C80214D6-838A-4EE0-A1DF-9A06A77658E9}.Debug|Any CPU.ActiveCfg = Debug|Any CPU
		{C80214D6-838A-4EE0-A1DF-9A06A77658E9}.Debug|Any CPU.Build.0 = Debug|Any CPU
		{C80214D6-838A-4EE0-A1DF-9A06A77658E9}.Release|Any CPU.ActiveCfg = Release|Any CPU
		{C80214D6-838A-4EE0-A1DF-9A06A77658E9}.Release|Any CPU.Build.0 = Release|Any CPU
	EndGlobalSection
	GlobalSection(SolutionProperties) = preSolution
		HideSolutionNode = FALSE
	EndGlobalSection
	GlobalSection(ExtensibilityGlobals) = postSolution
		SolutionGuid = {C01E0479-F95D-45FA-A184-5831813AACE0}
	EndGlobalSection
EndGlobal
